// !$*UTF8*$!
{
	archiveVersion = 1;
	classes = {
	};
	objectVersion = 50;
	objects = {

/* Begin PBXBuildFile section */
		0A00AC6C2445201800AC9101 /* AppDelegate.swift in Sources */ = {isa = PBXBuildFile; fileRef = 0A00AC6B2445201800AC9101 /* AppDelegate.swift */; };
		0A00AC6E2445201800AC9101 /* SceneDelegate.swift in Sources */ = {isa = PBXBuildFile; fileRef = 0A00AC6D2445201800AC9101 /* SceneDelegate.swift */; };
		0A00AC702445201800AC9101 /* ViewController.swift in Sources */ = {isa = PBXBuildFile; fileRef = 0A00AC6F2445201800AC9101 /* ViewController.swift */; };
		0A00AC732445201800AC9101 /* Main.storyboard in Resources */ = {isa = PBXBuildFile; fileRef = 0A00AC712445201800AC9101 /* Main.storyboard */; };
		0A00AC752445201A00AC9101 /* Assets.xcassets in Resources */ = {isa = PBXBuildFile; fileRef = 0A00AC742445201A00AC9101 /* Assets.xcassets */; };
		0A00AC782445201A00AC9101 /* LaunchScreen.storyboard in Resources */ = {isa = PBXBuildFile; fileRef = 0A00AC762445201A00AC9101 /* LaunchScreen.storyboard */; };
		0A00AC8A2445245400AC9101 /* Icon-Small-50@2x.png in Resources */ = {isa = PBXBuildFile; fileRef = 0A00AC802445245300AC9101 /* Icon-Small-50@2x.png */; };
		0A00AC8B2445245400AC9101 /* Icon.png in Resources */ = {isa = PBXBuildFile; fileRef = 0A00AC812445245300AC9101 /* Icon.png */; };
		0A00AC8C2445245400AC9101 /* Icon-72.png in Resources */ = {isa = PBXBuildFile; fileRef = 0A00AC822445245300AC9101 /* Icon-72.png */; };
		0A00AC8D2445245400AC9101 /* iconBig.png in Resources */ = {isa = PBXBuildFile; fileRef = 0A00AC832445245300AC9101 /* iconBig.png */; };
		0A00AC8E2445245400AC9101 /* light_off.png in Resources */ = {isa = PBXBuildFile; fileRef = 0A00AC842445245300AC9101 /* light_off.png */; };
		0A00AC8F2445245400AC9101 /* light_on.png in Resources */ = {isa = PBXBuildFile; fileRef = 0A00AC852445245300AC9101 /* light_on.png */; };
		0A00AC902445245400AC9101 /* Icon-60.png in Resources */ = {isa = PBXBuildFile; fileRef = 0A00AC862445245300AC9101 /* Icon-60.png */; };
		0A00AC912445245400AC9101 /* Icon-Small-50.png in Resources */ = {isa = PBXBuildFile; fileRef = 0A00AC872445245300AC9101 /* Icon-Small-50.png */; };
		0A00AC922445245400AC9101 /* Icon-72@2x.png in Resources */ = {isa = PBXBuildFile; fileRef = 0A00AC882445245400AC9101 /* Icon-72@2x.png */; };
		0A00AC932445245400AC9101 /* Icon@2x.png in Resources */ = {isa = PBXBuildFile; fileRef = 0A00AC892445245400AC9101 /* Icon@2x.png */; };
		0A00AC95244538DC00AC9101 /* LinearLightsOutGame.swift in Sources */ = {isa = PBXBuildFile; fileRef = 0A00AC94244538DC00AC9101 /* LinearLightsOutGame.swift */; };
/* End PBXBuildFile section */

/* Begin PBXFileReference section */
		0A00AC682445201800AC9101 /* Lights Out.app */ = {isa = PBXFileReference; explicitFileType = wrapper.application; includeInIndex = 0; path = "Lights Out.app"; sourceTree = BUILT_PRODUCTS_DIR; };
		0A00AC6B2445201800AC9101 /* AppDelegate.swift */ = {isa = PBXFileReference; lastKnownFileType = sourcecode.swift; path = AppDelegate.swift; sourceTree = "<group>"; };
		0A00AC6D2445201800AC9101 /* SceneDelegate.swift */ = {isa = PBXFileReference; lastKnownFileType = sourcecode.swift; path = SceneDelegate.swift; sourceTree = "<group>"; };
		0A00AC6F2445201800AC9101 /* ViewController.swift */ = {isa = PBXFileReference; lastKnownFileType = sourcecode.swift; path = ViewController.swift; sourceTree = "<group>"; };
		0A00AC722445201800AC9101 /* Base */ = {isa = PBXFileReference; lastKnownFileType = file.storyboard; name = Base; path = Base.lproj/Main.storyboard; sourceTree = "<group>"; };
		0A00AC742445201A00AC9101 /* Assets.xcassets */ = {isa = PBXFileReference; lastKnownFileType = folder.assetcatalog; path = Assets.xcassets; sourceTree = "<group>"; };
		0A00AC772445201A00AC9101 /* Base */ = {isa = PBXFileReference; lastKnownFileType = file.storyboard; name = Base; path = Base.lproj/LaunchScreen.storyboard; sourceTree = "<group>"; };
		0A00AC792445201A00AC9101 /* Info.plist */ = {isa = PBXFileReference; lastKnownFileType = text.plist.xml; path = Info.plist; sourceTree = "<group>"; };
		0A00AC802445245300AC9101 /* Icon-Small-50@2x.png */ = {isa = PBXFileReference; lastKnownFileType = image.png; path = "Icon-Small-50@2x.png"; sourceTree = "<group>"; };
		0A00AC812445245300AC9101 /* Icon.png */ = {isa = PBXFileReference; lastKnownFileType = image.png; path = Icon.png; sourceTree = "<group>"; };
		0A00AC822445245300AC9101 /* Icon-72.png */ = {isa = PBXFileReference; lastKnownFileType = image.png; path = "Icon-72.png"; sourceTree = "<group>"; };
		0A00AC832445245300AC9101 /* iconBig.png */ = {isa = PBXFileReference; lastKnownFileType = image.png; path = iconBig.png; sourceTree = "<group>"; };
		0A00AC842445245300AC9101 /* light_off.png */ = {isa = PBXFileReference; lastKnownFileType = image.png; path = light_off.png; sourceTree = "<group>"; };
		0A00AC852445245300AC9101 /* light_on.png */ = {isa = PBXFileReference; lastKnownFileType = image.png; path = light_on.png; sourceTree = "<group>"; };
		0A00AC862445245300AC9101 /* Icon-60.png */ = {isa = PBXFileReference; lastKnownFileType = image.png; path = "Icon-60.png"; sourceTree = "<group>"; };
		0A00AC872445245300AC9101 /* Icon-Small-50.png */ = {isa = PBXFileReference; lastKnownFileType = image.png; path = "Icon-Small-50.png"; sourceTree = "<group>"; };
		0A00AC882445245400AC9101 /* Icon-72@2x.png */ = {isa = PBXFileReference; lastKnownFileType = image.png; path = "Icon-72@2x.png"; sourceTree = "<group>"; };
		0A00AC892445245400AC9101 /* Icon@2x.png */ = {isa = PBXFileReference; lastKnownFileType = image.png; path = "Icon@2x.png"; sourceTree = "<group>"; };
		0A00AC94244538DC00AC9101 /* LinearLightsOutGame.swift */ = {isa = PBXFileReference; lastKnownFileType = sourcecode.swift; path = LinearLightsOutGame.swift; sourceTree = "<group>"; };
/* End PBXFileReference section */

/* Begin PBXFrameworksBuildPhase section */
		0A00AC652445201800AC9101 /* Frameworks */ = {
			isa = PBXFrameworksBuildPhase;
			buildActionMask = 2147483647;
			files = (
			);
			runOnlyForDeploymentPostprocessing = 0;
		};
/* End PBXFrameworksBuildPhase section */

/* Begin PBXGroup section */
		0A00AC5F2445201800AC9101 = {
			isa = PBXGroup;
			children = (
				0A00AC6A2445201800AC9101 /* Lights Out */,
				0A00AC692445201800AC9101 /* Products */,
			);
			sourceTree = "<group>";
		};
		0A00AC692445201800AC9101 /* Products */ = {
			isa = PBXGroup;
			children = (
				0A00AC682445201800AC9101 /* Lights Out.app */,
			);
			name = Products;
			sourceTree = "<group>";
		};
		0A00AC6A2445201800AC9101 /* Lights Out */ = {
			isa = PBXGroup;
			children = (
				0A00AC7F2445241300AC9101 /* Images */,
				0A00AC6B2445201800AC9101 /* AppDelegate.swift */,
				0A00AC6D2445201800AC9101 /* SceneDelegate.swift */,
				0A00AC6F2445201800AC9101 /* ViewController.swift */,
				0A00AC712445201800AC9101 /* Main.storyboard */,
				0A00AC742445201A00AC9101 /* Assets.xcassets */,
				0A00AC762445201A00AC9101 /* LaunchScreen.storyboard */,
				0A00AC792445201A00AC9101 /* Info.plist */,
				0A00AC94244538DC00AC9101 /* LinearLightsOutGame.swift */,
			);
			path = "Lights Out";
			sourceTree = "<group>";
		};
		0A00AC7F2445241300AC9101 /* Images */ = {
			isa = PBXGroup;
			children = (
				0A00AC862445245300AC9101 /* Icon-60.png */,
				0A00AC822445245300AC9101 /* Icon-72.png */,
				0A00AC882445245400AC9101 /* Icon-72@2x.png */,
				0A00AC872445245300AC9101 /* Icon-Small-50.png */,
				0A00AC802445245300AC9101 /* Icon-Small-50@2x.png */,
				0A00AC812445245300AC9101 /* Icon.png */,
				0A00AC892445245400AC9101 /* Icon@2x.png */,
				0A00AC832445245300AC9101 /* iconBig.png */,
				0A00AC842445245300AC9101 /* light_off.png */,
				0A00AC852445245300AC9101 /* light_on.png */,
			);
			path = Images;
			sourceTree = "<group>";
		};
/* End PBXGroup section */

/* Begin PBXNativeTarget section */
		0A00AC672445201800AC9101 /* Lights Out */ = {
			isa = PBXNativeTarget;
			buildConfigurationList = 0A00AC7C2445201A00AC9101 /* Build configuration list for PBXNativeTarget "Lights Out" */;
			buildPhases = (
				0A00AC642445201800AC9101 /* Sources */,
				0A00AC652445201800AC9101 /* Frameworks */,
				0A00AC662445201800AC9101 /* Resources */,
			);
			buildRules = (
			);
			dependencies = (
			);
			name = "Lights Out";
			productName = "Lights Out";
			productReference = 0A00AC682445201800AC9101 /* Lights Out.app */;
			productType = "com.apple.product-type.application";
		};
/* End PBXNativeTarget section */

/* Begin PBXProject section */
		0A00AC602445201800AC9101 /* Project object */ = {
			isa = PBXProject;
			attributes = {
				LastSwiftUpdateCheck = 1130;
				LastUpgradeCheck = 1130;
				ORGANIZATIONNAME = "CSSE Department";
				TargetAttributes = {
					0A00AC672445201800AC9101 = {
						CreatedOnToolsVersion = 11.3.1;
					};
				};
			};
			buildConfigurationList = 0A00AC632445201800AC9101 /* Build configuration list for PBXProject "Lights Out" */;
			compatibilityVersion = "Xcode 9.3";
			developmentRegion = en;
			hasScannedForEncodings = 0;
			knownRegions = (
				en,
				Base,
			);
			mainGroup = 0A00AC5F2445201800AC9101;
			productRefGroup = 0A00AC692445201800AC9101 /* Products */;
			projectDirPath = "";
			projectRoot = "";
			targets = (
				0A00AC672445201800AC9101 /* Lights Out */,
			);
		};
/* End PBXProject section */

/* Begin PBXResourcesBuildPhase section */
		0A00AC662445201800AC9101 /* Resources */ = {
			isa = PBXResourcesBuildPhase;
			buildActionMask = 2147483647;
			files = (
				0A00AC902445245400AC9101 /* Icon-60.png in Resources */,
				0A00AC932445245400AC9101 /* Icon@2x.png in Resources */,
				0A00AC782445201A00AC9101 /* LaunchScreen.storyboard in Resources */,
				0A00AC922445245400AC9101 /* Icon-72@2x.png in Resources */,
				0A00AC912445245400AC9101 /* Icon-Small-50.png in Resources */,
				0A00AC752445201A00AC9101 /* Assets.xcassets in Resources */,
				0A00AC8F2445245400AC9101 /* light_on.png in Resources */,
				0A00AC8E2445245400AC9101 /* light_off.png in Resources */,
				0A00AC8B2445245400AC9101 /* Icon.png in Resources */,
				0A00AC8A2445245400AC9101 /* Icon-Small-50@2x.png in Resources */,
				0A00AC732445201800AC9101 /* Main.storyboard in Resources */,
				0A00AC8D2445245400AC9101 /* iconBig.png in Resources */,
				0A00AC8C2445245400AC9101 /* Icon-72.png in Resources */,
			);
			runOnlyForDeploymentPostprocessing = 0;
		};
/* End PBXResourcesBuildPhase section */

/* Begin PBXSourcesBuildPhase section */
		0A00AC642445201800AC9101 /* Sources */ = {
			isa = PBXSourcesBuildPhase;
			buildActionMask = 2147483647;
			files = (
				0A00AC702445201800AC9101 /* ViewController.swift in Sources */,
				0A00AC6C2445201800AC9101 /* AppDelegate.swift in Sources */,
				0A00AC6E2445201800AC9101 /* SceneDelegate.swift in Sources */,
				0A00AC95244538DC00AC9101 /* LinearLightsOutGame.swift in Sources */,
			);
			runOnlyForDeploymentPostprocessing = 0;
		};
/* End PBXSourcesBuildPhase section */

/* Begin PBXVariantGroup section */
		0A00AC712445201800AC9101 /* Main.storyboard */ = {
			isa = PBXVariantGroup;
			children = (
				0A00AC722445201800AC9101 /* Base */,
			);
			name = Main.storyboard;
			sourceTree = "<group>";
		};
		0A00AC762445201A00AC9101 /* LaunchScreen.storyboard */ = {
			isa = PBXVariantGroup;
			children = (
				0A00AC772445201A00AC9101 /* Base */,
			);
			name = LaunchScreen.storyboard;
			sourceTree = "<group>";
		};
/* End PBXVariantGroup section */

/* Begin XCBuildConfiguration section */
		0A00AC7A2445201A00AC9101 /* Debug */ = {
			isa = XCBuildConfiguration;
			buildSettings = {
				ALWAYS_SEARCH_USER_PATHS = NO;
				CLANG_ANALYZER_NONNULL = YES;
				CLANG_ANALYZER_NUMBER_OBJECT_CONVERSION = YES_AGGRESSIVE;
				CLANG_CXX_LANGUAGE_STANDARD = "gnu++14";
				CLANG_CXX_LIBRARY = "libc++";
				CLANG_ENABLE_MODULES = YES;
				CLANG_ENABLE_OBJC_ARC = YES;
				CLANG_ENABLE_OBJC_WEAK = YES;
				CLANG_WARN_BLOCK_CAPTURE_AUTORELEASING = YES;
				CLANG_WARN_BOOL_CONVERSION = YES;
				CLANG_WARN_COMMA = YES;
				CLANG_WARN_CONSTANT_CONVERSION = YES;
				CLANG_WARN_DEPRECATED_OBJC_IMPLEMENTATIONS = YES;
				CLANG_WARN_DIRECT_OBJC_ISA_USAGE = YES_ERROR;
				CLANG_WARN_DOCUMENTATION_COMMENTS = YES;
				CLANG_WARN_EMPTY_BODY = YES;
				CLANG_WARN_ENUM_CONVERSION = YES;
				CLANG_WARN_INFINITE_RECURSION = YES;
				CLANG_WARN_INT_CONVERSION = YES;
				CLANG_WARN_NON_LITERAL_NULL_CONVERSION = YES;
				CLANG_WARN_OBJC_IMPLICIT_RETAIN_SELF = YES;
				CLANG_WARN_OBJC_LITERAL_CONVERSION = YES;
				CLANG_WARN_OBJC_ROOT_CLASS = YES_ERROR;
				CLANG_WARN_RANGE_LOOP_ANALYSIS = YES;
				CLANG_WARN_STRICT_PROTOTYPES = YES;
				CLANG_WARN_SUSPICIOUS_MOVE = YES;
				CLANG_WARN_UNGUARDED_AVAILABILITY = YES_AGGRESSIVE;
				CLANG_WARN_UNREACHABLE_CODE = YES;
				CLANG_WARN__DUPLICATE_METHOD_MATCH = YES;
				COPY_PHASE_STRIP = NO;
				DEBUG_INFORMATION_FORMAT = dwarf;
				ENABLE_STRICT_OBJC_MSGSEND = YES;
				ENABLE_TESTABILITY = YES;
				GCC_C_LANGUAGE_STANDARD = gnu11;
				GCC_DYNAMIC_NO_PIC = NO;
				GCC_NO_COMMON_BLOCKS = YES;
				GCC_OPTIMIZATION_LEVEL = 0;
				GCC_PREPROCESSOR_DEFINITIONS = (
					"DEBUG=1",
					"$(inherited)",
				);
				GCC_WARN_64_TO_32_BIT_CONVERSION = YES;
				GCC_WARN_ABOUT_RETURN_TYPE = YES_ERROR;
				GCC_WARN_UNDECLARED_SELECTOR = YES;
				GCC_WARN_UNINITIALIZED_AUTOS = YES_AGGRESSIVE;
				GCC_WARN_UNUSED_FUNCTION = YES;
				GCC_WARN_UNUSED_VARIABLE = YES;
				IPHONEOS_DEPLOYMENT_TARGET = 13.2;
				MTL_ENABLE_DEBUG_INFO = INCLUDE_SOURCE;
				MTL_FAST_MATH = YES;
				ONLY_ACTIVE_ARCH = YES;
				SDKROOT = iphoneos;
				SWIFT_ACTIVE_COMPILATION_CONDITIONS = DEBUG;
				SWIFT_OPTIMIZATION_LEVEL = "-Onone";
			};
			name = Debug;
		};
		0A00AC7B2445201A00AC9101 /* Release */ = {
			isa = XCBuildConfiguration;
			buildSettings = {
				ALWAYS_SEARCH_USER_PATHS = NO;
				CLANG_ANALYZER_NONNULL = YES;
				CLANG_ANALYZER_NUMBER_OBJECT_CONVERSION = YES_AGGRESSIVE;
				CLANG_CXX_LANGUAGE_STANDARD = "gnu++14";
				CLANG_CXX_LIBRARY = "libc++";
				CLANG_ENABLE_MODULES = YES;
				CLANG_ENABLE_OBJC_ARC = YES;
				CLANG_ENABLE_OBJC_WEAK = YES;
				CLANG_WARN_BLOCK_CAPTURE_AUTORELEASING = YES;
				CLANG_WARN_BOOL_CONVERSION = YES;
				CLANG_WARN_COMMA = YES;
				CLANG_WARN_CONSTANT_CONVERSION = YES;
				CLANG_WARN_DEPRECATED_OBJC_IMPLEMENTATIONS = YES;
				CLANG_WARN_DIRECT_OBJC_ISA_USAGE = YES_ERROR;
				CLANG_WARN_DOCUMENTATION_COMMENTS = YES;
				CLANG_WARN_EMPTY_BODY = YES;
				CLANG_WARN_ENUM_CONVERSION = YES;
				CLANG_WARN_INFINITE_RECURSION = YES;
				CLANG_WARN_INT_CONVERSION = YES;
				CLANG_WARN_NON_LITERAL_NULL_CONVERSION = YES;
				CLANG_WARN_OBJC_IMPLICIT_RETAIN_SELF = YES;
				CLANG_WARN_OBJC_LITERAL_CONVERSION = YES;
				CLANG_WARN_OBJC_ROOT_CLASS = YES_ERROR;
				CLANG_WARN_RANGE_LOOP_ANALYSIS = YES;
				CLANG_WARN_STRICT_PROTOTYPES = YES;
				CLANG_WARN_SUSPICIOUS_MOVE = YES;
				CLANG_WARN_UNGUARDED_AVAILABILITY = YES_AGGRESSIVE;
				CLANG_WARN_UNREACHABLE_CODE = YES;
				CLANG_WARN__DUPLICATE_METHOD_MATCH = YES;
				COPY_PHASE_STRIP = NO;
				DEBUG_INFORMATION_FORMAT = "dwarf-with-dsym";
				ENABLE_NS_ASSERTIONS = NO;
				ENABLE_STRICT_OBJC_MSGSEND = YES;
				GCC_C_LANGUAGE_STANDARD = gnu11;
				GCC_NO_COMMON_BLOCKS = YES;
				GCC_WARN_64_TO_32_BIT_CONVERSION = YES;
				GCC_WARN_ABOUT_RETURN_TYPE = YES_ERROR;
				GCC_WARN_UNDECLARED_SELECTOR = YES;
				GCC_WARN_UNINITIALIZED_AUTOS = YES_AGGRESSIVE;
				GCC_WARN_UNUSED_FUNCTION = YES;
				GCC_WARN_UNUSED_VARIABLE = YES;
				IPHONEOS_DEPLOYMENT_TARGET = 13.2;
				MTL_ENABLE_DEBUG_INFO = NO;
				MTL_FAST_MATH = YES;
				SDKROOT = iphoneos;
				SWIFT_COMPILATION_MODE = wholemodule;
				SWIFT_OPTIMIZATION_LEVEL = "-O";
				VALIDATE_PRODUCT = YES;
			};
			name = Release;
		};
		0A00AC7D2445201A00AC9101 /* Debug */ = {
			isa = XCBuildConfiguration;
			buildSettings = {
				ASSETCATALOG_COMPILER_APPICON_NAME = AppIcon;
				CODE_SIGN_STYLE = Automatic;
				INFOPLIST_FILE = "Lights Out/Info.plist";
				LD_RUNPATH_SEARCH_PATHS = (
					"$(inherited)",
					"@executable_path/Frameworks",
				);
				PRODUCT_BUNDLE_IDENTIFIER = "edu.rosehulman.petersjl.Lights-Out";
				PRODUCT_NAME = "$(TARGET_NAME)";
				SWIFT_VERSION = 5.0;
				TARGETED_DEVICE_FAMILY = "1,2";
			};
			name = Debug;
		};
		0A00AC7E2445201A00AC9101 /* Release */ = {
			isa = XCBuildConfiguration;
			buildSettings = {
				ASSETCATALOG_COMPILER_APPICON_NAME = AppIcon;
				CODE_SIGN_STYLE = Automatic;
				INFOPLIST_FILE = "Lights Out/Info.plist";
				LD_RUNPATH_SEARCH_PATHS = (
					"$(inherited)",
					"@executable_path/Frameworks",
				);
				PRODUCT_BUNDLE_IDENTIFIER = "edu.rosehulman.petersjl.Lights-Out";
				PRODUCT_NAME = "$(TARGET_NAME)";
				SWIFT_VERSION = 5.0;
				TARGETED_DEVICE_FAMILY = "1,2";
			};
			name = Release;
		};
/* End XCBuildConfiguration section */

/* Begin XCConfigurationList section */
		0A00AC632445201800AC9101 /* Build configuration list for PBXProject "Lights Out" */ = {
			isa = XCConfigurationList;
			buildConfigurations = (
				0A00AC7A2445201A00AC9101 /* Debug */,
				0A00AC7B2445201A00AC9101 /* Release */,
			);
			defaultConfigurationIsVisible = 0;
			defaultConfigurationName = Release;
		};
		0A00AC7C2445201A00AC9101 /* Build configuration list for PBXNativeTarget "Lights Out" */ = {
			isa = XCConfigurationList;
			buildConfigurations = (
				0A00AC7D2445201A00AC9101 /* Debug */,
				0A00AC7E2445201A00AC9101 /* Release */,
			);
			defaultConfigurationIsVisible = 0;
			defaultConfigurationName = Release;
		};
/* End XCConfigurationList section */
	};
	rootObject = 0A00AC602445201800AC9101 /* Project object */;
}
